// !$*UTF8*$!
{
	archiveVersion = 1;
	classes = {
	};
	objectVersion = 46;
	objects = {

/* Begin PBXBuildFile section */
		4A2111591E19A0650035B64B /* AppDelegate.swift in Sources */ = {isa = PBXBuildFile; fileRef = 4A2111581E19A0650035B64B /* AppDelegate.swift */; };
		4A21115B1E19A0650035B64B /* ViewController.swift in Sources */ = {isa = PBXBuildFile; fileRef = 4A21115A1E19A0650035B64B /* ViewController.swift */; };
		4A21115E1E19A0650035B64B /* Main.storyboard in Resources */ = {isa = PBXBuildFile; fileRef = 4A21115C1E19A0650035B64B /* Main.storyboard */; };
		4A2111601E19A0650035B64B /* Assets.xcassets in Resources */ = {isa = PBXBuildFile; fileRef = 4A21115F1E19A0650035B64B /* Assets.xcassets */; };
		4A2111631E19A0650035B64B /* LaunchScreen.storyboard in Resources */ = {isa = PBXBuildFile; fileRef = 4A2111611E19A0650035B64B /* LaunchScreen.storyboard */; };
		4A21116E1E19A0660035B64B /* TDTextSliderTests.swift in Sources */ = {isa = PBXBuildFile; fileRef = 4A21116D1E19A0660035B64B /* TDTextSliderTests.swift */; };
		4A2111791E19A0660035B64B /* TDTextSliderUITests.swift in Sources */ = {isa = PBXBuildFile; fileRef = 4A2111781E19A0660035B64B /* TDTextSliderUITests.swift */; };
		4A2111871E19A0730035B64B /* TDTextSlider.swift in Sources */ = {isa = PBXBuildFile; fileRef = 4A2111861E19A0730035B64B /* TDTextSlider.swift */; };
/* End PBXBuildFile section */

/* Begin PBXContainerItemProxy section */
		4A21116A1E19A0660035B64B /* PBXContainerItemProxy */ = {
			isa = PBXContainerItemProxy;
			containerPortal = 4A21114D1E19A0650035B64B /* Project object */;
			proxyType = 1;
			remoteGlobalIDString = 4A2111541E19A0650035B64B;
			remoteInfo = TDTextSlider;
		};
		4A2111751E19A0660035B64B /* PBXContainerItemProxy */ = {
			isa = PBXContainerItemProxy;
			containerPortal = 4A21114D1E19A0650035B64B /* Project object */;
			proxyType = 1;
			remoteGlobalIDString = 4A2111541E19A0650035B64B;
			remoteInfo = TDTextSlider;
		};
/* End PBXContainerItemProxy section */

/* Begin PBXFileReference section */
		4A2111551E19A0650035B64B /* TDTextSlider.app */ = {isa = PBXFileReference; explicitFileType = wrapper.application; includeInIndex = 0; path = TDTextSlider.app; sourceTree = BUILT_PRODUCTS_DIR; };
		4A2111581E19A0650035B64B /* AppDelegate.swift */ = {isa = PBXFileReference; lastKnownFileType = sourcecode.swift; path = AppDelegate.swift; sourceTree = "<group>"; };
		4A21115A1E19A0650035B64B /* ViewController.swift */ = {isa = PBXFileReference; lastKnownFileType = sourcecode.swift; path = ViewController.swift; sourceTree = "<group>"; };
		4A21115D1E19A0650035B64B /* Base */ = {isa = PBXFileReference; lastKnownFileType = file.storyboard; name = Base; path = Base.lproj/Main.storyboard; sourceTree = "<group>"; };
		4A21115F1E19A0650035B64B /* Assets.xcassets */ = {isa = PBXFileReference; lastKnownFileType = folder.assetcatalog; path = Assets.xcassets; sourceTree = "<group>"; };
		4A2111621E19A0650035B64B /* Base */ = {isa = PBXFileReference; lastKnownFileType = file.storyboard; name = Base; path = Base.lproj/LaunchScreen.storyboard; sourceTree = "<group>"; };
		4A2111641E19A0650035B64B /* Info.plist */ = {isa = PBXFileReference; lastKnownFileType = text.plist.xml; path = Info.plist; sourceTree = "<group>"; };
		4A2111691E19A0660035B64B /* TDTextSliderTests.xctest */ = {isa = PBXFileReference; explicitFileType = wrapper.cfbundle; includeInIndex = 0; path = TDTextSliderTests.xctest; sourceTree = BUILT_PRODUCTS_DIR; };
		4A21116D1E19A0660035B64B /* TDTextSliderTests.swift */ = {isa = PBXFileReference; lastKnownFileType = sourcecode.swift; path = TDTextSliderTests.swift; sourceTree = "<group>"; };
		4A21116F1E19A0660035B64B /* Info.plist */ = {isa = PBXFileReference; lastKnownFileType = text.plist.xml; path = Info.plist; sourceTree = "<group>"; };
		4A2111741E19A0660035B64B /* TDTextSliderUITests.xctest */ = {isa = PBXFileReference; explicitFileType = wrapper.cfbundle; includeInIndex = 0; path = TDTextSliderUITests.xctest; sourceTree = BUILT_PRODUCTS_DIR; };
		4A2111781E19A0660035B64B /* TDTextSliderUITests.swift */ = {isa = PBXFileReference; lastKnownFileType = sourcecode.swift; path = TDTextSliderUITests.swift; sourceTree = "<group>"; };
		4A21117A1E19A0660035B64B /* Info.plist */ = {isa = PBXFileReference; lastKnownFileType = text.plist.xml; path = Info.plist; sourceTree = "<group>"; };
		4A2111861E19A0730035B64B /* TDTextSlider.swift */ = {isa = PBXFileReference; fileEncoding = 4; lastKnownFileType = sourcecode.swift; path = TDTextSlider.swift; sourceTree = "<group>"; };
/* End PBXFileReference section */

/* Begin PBXFrameworksBuildPhase section */
		4A2111521E19A0650035B64B /* Frameworks */ = {
			isa = PBXFrameworksBuildPhase;
			buildActionMask = 2147483647;
			files = (
			);
			runOnlyForDeploymentPostprocessing = 0;
		};
		4A2111661E19A0660035B64B /* Frameworks */ = {
			isa = PBXFrameworksBuildPhase;
			buildActionMask = 2147483647;
			files = (
			);
			runOnlyForDeploymentPostprocessing = 0;
		};
		4A2111711E19A0660035B64B /* Frameworks */ = {
			isa = PBXFrameworksBuildPhase;
			buildActionMask = 2147483647;
			files = (
			);
			runOnlyForDeploymentPostprocessing = 0;
		};
/* End PBXFrameworksBuildPhase section */

/* Begin PBXGroup section */
		4A21114C1E19A0650035B64B = {
			isa = PBXGroup;
			children = (
				4A2111571E19A0650035B64B /* TDTextSlider */,
				4A21116C1E19A0660035B64B /* TDTextSliderTests */,
				4A2111771E19A0660035B64B /* TDTextSliderUITests */,
				4A2111561E19A0650035B64B /* Products */,
			);
			sourceTree = "<group>";
		};
		4A2111561E19A0650035B64B /* Products */ = {
			isa = PBXGroup;
			children = (
				4A2111551E19A0650035B64B /* TDTextSlider.app */,
				4A2111691E19A0660035B64B /* TDTextSliderTests.xctest */,
				4A2111741E19A0660035B64B /* TDTextSliderUITests.xctest */,
			);
			name = Products;
			sourceTree = "<group>";
		};
		4A2111571E19A0650035B64B /* TDTextSlider */ = {
			isa = PBXGroup;
			children = (
				4A2111581E19A0650035B64B /* AppDelegate.swift */,
				4A21115A1E19A0650035B64B /* ViewController.swift */,
				4A21115C1E19A0650035B64B /* Main.storyboard */,
				4A21115F1E19A0650035B64B /* Assets.xcassets */,
				4A2111611E19A0650035B64B /* LaunchScreen.storyboard */,
				4A2111641E19A0650035B64B /* Info.plist */,
				4A2111861E19A0730035B64B /* TDTextSlider.swift */,
			);
			path = TDTextSlider;
			sourceTree = "<group>";
		};
		4A21116C1E19A0660035B64B /* TDTextSliderTests */ = {
			isa = PBXGroup;
			children = (
				4A21116D1E19A0660035B64B /* TDTextSliderTests.swift */,
				4A21116F1E19A0660035B64B /* Info.plist */,
			);
			path = TDTextSliderTests;
			sourceTree = "<group>";
		};
		4A2111771E19A0660035B64B /* TDTextSliderUITests */ = {
			isa = PBXGroup;
			children = (
				4A2111781E19A0660035B64B /* TDTextSliderUITests.swift */,
				4A21117A1E19A0660035B64B /* Info.plist */,
			);
			path = TDTextSliderUITests;
			sourceTree = "<group>";
		};
/* End PBXGroup section */

/* Begin PBXNativeTarget section */
		4A2111541E19A0650035B64B /* TDTextSlider */ = {
			isa = PBXNativeTarget;
			buildConfigurationList = 4A21117D1E19A0660035B64B /* Build configuration list for PBXNativeTarget "TDTextSlider" */;
			buildPhases = (
				4A2111511E19A0650035B64B /* Sources */,
				4A2111521E19A0650035B64B /* Frameworks */,
				4A2111531E19A0650035B64B /* Resources */,
			);
			buildRules = (
			);
			dependencies = (
			);
			name = TDTextSlider;
			productName = TDTextSlider;
			productReference = 4A2111551E19A0650035B64B /* TDTextSlider.app */;
			productType = "com.apple.product-type.application";
		};
		4A2111681E19A0660035B64B /* TDTextSliderTests */ = {
			isa = PBXNativeTarget;
			buildConfigurationList = 4A2111801E19A0660035B64B /* Build configuration list for PBXNativeTarget "TDTextSliderTests" */;
			buildPhases = (
				4A2111651E19A0660035B64B /* Sources */,
				4A2111661E19A0660035B64B /* Frameworks */,
				4A2111671E19A0660035B64B /* Resources */,
			);
			buildRules = (
			);
			dependencies = (
				4A21116B1E19A0660035B64B /* PBXTargetDependency */,
			);
			name = TDTextSliderTests;
			productName = TDTextSliderTests;
			productReference = 4A2111691E19A0660035B64B /* TDTextSliderTests.xctest */;
			productType = "com.apple.product-type.bundle.unit-test";
		};
		4A2111731E19A0660035B64B /* TDTextSliderUITests */ = {
			isa = PBXNativeTarget;
			buildConfigurationList = 4A2111831E19A0660035B64B /* Build configuration list for PBXNativeTarget "TDTextSliderUITests" */;
			buildPhases = (
				4A2111701E19A0660035B64B /* Sources */,
				4A2111711E19A0660035B64B /* Frameworks */,
				4A2111721E19A0660035B64B /* Resources */,
			);
			buildRules = (
			);
			dependencies = (
				4A2111761E19A0660035B64B /* PBXTargetDependency */,
			);
			name = TDTextSliderUITests;
			productName = TDTextSliderUITests;
			productReference = 4A2111741E19A0660035B64B /* TDTextSliderUITests.xctest */;
			productType = "com.apple.product-type.bundle.ui-testing";
		};
/* End PBXNativeTarget section */

/* Begin PBXProject section */
		4A21114D1E19A0650035B64B /* Project object */ = {
			isa = PBXProject;
			attributes = {
				LastSwiftUpdateCheck = 0820;
				LastUpgradeCheck = 0820;
				ORGANIZATIONNAME = theduman;
				TargetAttributes = {
					4A2111541E19A0650035B64B = {
						CreatedOnToolsVersion = 8.2.1;
						DevelopmentTeam = 33E68CD9YA;
						ProvisioningStyle = Automatic;
					};
					4A2111681E19A0660035B64B = {
						CreatedOnToolsVersion = 8.2.1;
						DevelopmentTeam = 33E68CD9YA;
						ProvisioningStyle = Automatic;
						TestTargetID = 4A2111541E19A0650035B64B;
					};
					4A2111731E19A0660035B64B = {
						CreatedOnToolsVersion = 8.2.1;
						DevelopmentTeam = 33E68CD9YA;
						ProvisioningStyle = Automatic;
						TestTargetID = 4A2111541E19A0650035B64B;
					};
				};
			};
			buildConfigurationList = 4A2111501E19A0650035B64B /* Build configuration list for PBXProject "TDTextSlider" */;
			compatibilityVersion = "Xcode 3.2";
			developmentRegion = English;
			hasScannedForEncodings = 0;
			knownRegions = (
				en,
				Base,
			);
			mainGroup = 4A21114C1E19A0650035B64B;
			productRefGroup = 4A2111561E19A0650035B64B /* Products */;
			projectDirPath = "";
			projectRoot = "";
			targets = (
				4A2111541E19A0650035B64B /* TDTextSlider */,
				4A2111681E19A0660035B64B /* TDTextSliderTests */,
				4A2111731E19A0660035B64B /* TDTextSliderUITests */,
			);
		};
/* End PBXProject section */

/* Begin PBXResourcesBuildPhase section */
		4A2111531E19A0650035B64B /* Resources */ = {
			isa = PBXResourcesBuildPhase;
			buildActionMask = 2147483647;
			files = (
				4A2111631E19A0650035B64B /* LaunchScreen.storyboard in Resources */,
				4A2111601E19A0650035B64B /* Assets.xcassets in Resources */,
				4A21115E1E19A0650035B64B /* Main.storyboard in Resources */,
			);
			runOnlyForDeploymentPostprocessing = 0;
		};
		4A2111671E19A0660035B64B /* Resources */ = {
			isa = PBXResourcesBuildPhase;
			buildActionMask = 2147483647;
			files = (
			);
			runOnlyForDeploymentPostprocessing = 0;
		};
		4A2111721E19A0660035B64B /* Resources */ = {
			isa = PBXResourcesBuildPhase;
			buildActionMask = 2147483647;
			files = (
			);
			runOnlyForDeploymentPostprocessing = 0;
		};
/* End PBXResourcesBuildPhase section */

/* Begin PBXSourcesBuildPhase section */
		4A2111511E19A0650035B64B /* Sources */ = {
			isa = PBXSourcesBuildPhase;
			buildActionMask = 2147483647;
			files = (
				4A2111871E19A0730035B64B /* TDTextSlider.swift in Sources */,
				4A21115B1E19A0650035B64B /* ViewController.swift in Sources */,
				4A2111591E19A0650035B64B /* AppDelegate.swift in Sources */,
			);
			runOnlyForDeploymentPostprocessing = 0;
		};
		4A2111651E19A0660035B64B /* Sources */ = {
			isa = PBXSourcesBuildPhase;
			buildActionMask = 2147483647;
			files = (
				4A21116E1E19A0660035B64B /* TDTextSliderTests.swift in Sources */,
			);
			runOnlyForDeploymentPostprocessing = 0;
		};
		4A2111701E19A0660035B64B /* Sources */ = {
			isa = PBXSourcesBuildPhase;
			buildActionMask = 2147483647;
			files = (
				4A2111791E19A0660035B64B /* TDTextSliderUITests.swift in Sources */,
			);
			runOnlyForDeploymentPostprocessing = 0;
		};
/* End PBXSourcesBuildPhase section */

/* Begin PBXTargetDependency section */
		4A21116B1E19A0660035B64B /* PBXTargetDependency */ = {
			isa = PBXTargetDependency;
			target = 4A2111541E19A0650035B64B /* TDTextSlider */;
			targetProxy = 4A21116A1E19A0660035B64B /* PBXContainerItemProxy */;
		};
		4A2111761E19A0660035B64B /* PBXTargetDependency */ = {
			isa = PBXTargetDependency;
			target = 4A2111541E19A0650035B64B /* TDTextSlider */;
			targetProxy = 4A2111751E19A0660035B64B /* PBXContainerItemProxy */;
		};
/* End PBXTargetDependency section */

/* Begin PBXVariantGroup section */
		4A21115C1E19A0650035B64B /* Main.storyboard */ = {
			isa = PBXVariantGroup;
			children = (
				4A21115D1E19A0650035B64B /* Base */,
			);
			name = Main.storyboard;
			sourceTree = "<group>";
		};
		4A2111611E19A0650035B64B /* LaunchScreen.storyboard */ = {
			isa = PBXVariantGroup;
			children = (
				4A2111621E19A0650035B64B /* Base */,
			);
			name = LaunchScreen.storyboard;
			sourceTree = "<group>";
		};
/* End PBXVariantGroup section */

/* Begin XCBuildConfiguration section */
		4A21117B1E19A0660035B64B /* Debug */ = {
			isa = XCBuildConfiguration;
			buildSettings = {
				ALWAYS_SEARCH_USER_PATHS = NO;
				CLANG_ANALYZER_NONNULL = YES;
				CLANG_CXX_LANGUAGE_STANDARD = "gnu++0x";
				CLANG_CXX_LIBRARY = "libc++";
				CLANG_ENABLE_MODULES = YES;
				CLANG_ENABLE_OBJC_ARC = YES;
				CLANG_WARN_BOOL_CONVERSION = YES;
				CLANG_WARN_CONSTANT_CONVERSION = YES;
				CLANG_WARN_DIRECT_OBJC_ISA_USAGE = YES_ERROR;
				CLANG_WARN_DOCUMENTATION_COMMENTS = YES;
				CLANG_WARN_EMPTY_BODY = YES;
				CLANG_WARN_ENUM_CONVERSION = YES;
				CLANG_WARN_INFINITE_RECURSION = YES;
				CLANG_WARN_INT_CONVERSION = YES;
				CLANG_WARN_OBJC_ROOT_CLASS = YES_ERROR;
				CLANG_WARN_SUSPICIOUS_MOVE = YES;
				CLANG_WARN_UNREACHABLE_CODE = YES;
				CLANG_WARN__DUPLICATE_METHOD_MATCH = YES;
				"CODE_SIGN_IDENTITY[sdk=iphoneos*]" = "iPhone Developer";
				COPY_PHASE_STRIP = NO;
				DEBUG_INFORMATION_FORMAT = dwarf;
				ENABLE_STRICT_OBJC_MSGSEND = YES;
				ENABLE_TESTABILITY = YES;
				GCC_C_LANGUAGE_STANDARD = gnu99;
				GCC_DYNAMIC_NO_PIC = NO;
				GCC_NO_COMMON_BLOCKS = YES;
				GCC_OPTIMIZATION_LEVEL = 0;
				GCC_PREPROCESSOR_DEFINITIONS = (
					"DEBUG=1",
					"$(inherited)",
				);
				GCC_WARN_64_TO_32_BIT_CONVERSION = YES;
				GCC_WARN_ABOUT_RETURN_TYPE = YES_ERROR;
				GCC_WARN_UNDECLARED_SELECTOR = YES;
				GCC_WARN_UNINITIALIZED_AUTOS = YES_AGGRESSIVE;
				GCC_WARN_UNUSED_FUNCTION = YES;
				GCC_WARN_UNUSED_VARIABLE = YES;
				IPHONEOS_DEPLOYMENT_TARGET = 10.2;
				MTL_ENABLE_DEBUG_INFO = YES;
				ONLY_ACTIVE_ARCH = YES;
				SDKROOT = iphoneos;
				SWIFT_ACTIVE_COMPILATION_CONDITIONS = DEBUG;
				SWIFT_OPTIMIZATION_LEVEL = "-Onone";
			};
			name = Debug;
		};
		4A21117C1E19A0660035B64B /* Release */ = {
			isa = XCBuildConfiguration;
			buildSettings = {
				ALWAYS_SEARCH_USER_PATHS = NO;
				CLANG_ANALYZER_NONNULL = YES;
				CLANG_CXX_LANGUAGE_STANDARD = "gnu++0x";
				CLANG_CXX_LIBRARY = "libc++";
				CLANG_ENABLE_MODULES = YES;
				CLANG_ENABLE_OBJC_ARC = YES;
				CLANG_WARN_BOOL_CONVERSION = YES;
				CLANG_WARN_CONSTANT_CONVERSION = YES;
				CLANG_WARN_DIRECT_OBJC_ISA_USAGE = YES_ERROR;
				CLANG_WARN_DOCUMENTATION_COMMENTS = YES;
				CLANG_WARN_EMPTY_BODY = YES;
				CLANG_WARN_ENUM_CONVERSION = YES;
				CLANG_WARN_INFINITE_RECURSION = YES;
				CLANG_WARN_INT_CONVERSION = YES;
				CLANG_WARN_OBJC_ROOT_CLASS = YES_ERROR;
				CLANG_WARN_SUSPICIOUS_MOVE = YES;
				CLANG_WARN_UNREACHABLE_CODE = YES;
				CLANG_WARN__DUPLICATE_METHOD_MATCH = YES;
				"CODE_SIGN_IDENTITY[sdk=iphoneos*]" = "iPhone Developer";
				COPY_PHASE_STRIP = NO;
				DEBUG_INFORMATION_FORMAT = "dwarf-with-dsym";
				ENABLE_NS_ASSERTIONS = NO;
				ENABLE_STRICT_OBJC_MSGSEND = YES;
				GCC_C_LANGUAGE_STANDARD = gnu99;
				GCC_NO_COMMON_BLOCKS = YES;
				GCC_WARN_64_TO_32_BIT_CONVERSION = YES;
				GCC_WARN_ABOUT_RETURN_TYPE = YES_ERROR;
				GCC_WARN_UNDECLARED_SELECTOR = YES;
				GCC_WARN_UNINITIALIZED_AUTOS = YES_AGGRESSIVE;
				GCC_WARN_UNUSED_FUNCTION = YES;
				GCC_WARN_UNUSED_VARIABLE = YES;
				IPHONEOS_DEPLOYMENT_TARGET = 10.2;
				MTL_ENABLE_DEBUG_INFO = NO;
				SDKROOT = iphoneos;
				SWIFT_OPTIMIZATION_LEVEL = "-Owholemodule";
				VALIDATE_PRODUCT = YES;
			};
			name = Release;
		};
		4A21117E1E19A0660035B64B /* Debug */ = {
			isa = XCBuildConfiguration;
			buildSettings = {
				ASSETCATALOG_COMPILER_APPICON_NAME = AppIcon;
				DEVELOPMENT_TEAM = 33E68CD9YA;
				INFOPLIST_FILE = TDTextSlider/Info.plist;
				IPHONEOS_DEPLOYMENT_TARGET = 9.0;
				LD_RUNPATH_SEARCH_PATHS = "$(inherited) @executable_path/Frameworks";
				PRODUCT_BUNDLE_IDENTIFIER = com.theduman.TDTextSlider;
				PRODUCT_NAME = "$(TARGET_NAME)";
				SWIFT_VERSION = 3.0;
			};
			name = Debug;
		};
		4A21117F1E19A0660035B64B /* Release */ = {
			isa = XCBuildConfiguration;
			buildSettings = {
				ASSETCATALOG_COMPILER_APPICON_NAME = AppIcon;
				DEVELOPMENT_TEAM = 33E68CD9YA;
				INFOPLIST_FILE = TDTextSlider/Info.plist;
				IPHONEOS_DEPLOYMENT_TARGET = 9.0;
				LD_RUNPATH_SEARCH_PATHS = "$(inherited) @executable_path/Frameworks";
				PRODUCT_BUNDLE_IDENTIFIER = com.theduman.TDTextSlider;
				PRODUCT_NAME = "$(TARGET_NAME)";
				SWIFT_VERSION = 3.0;
			};
			name = Release;
		};
		4A2111811E19A0660035B64B /* Debug */ = {
			isa = XCBuildConfiguration;
			buildSettings = {
				ALWAYS_EMBED_SWIFT_STANDARD_LIBRARIES = YES;
				BUNDLE_LOADER = "$(TEST_HOST)";
				DEVELOPMENT_TEAM = 33E68CD9YA;
				INFOPLIST_FILE = TDTextSliderTests/Info.plist;
				LD_RUNPATH_SEARCH_PATHS = "$(inherited) @executable_path/Frameworks @loader_path/Frameworks";
				PRODUCT_BUNDLE_IDENTIFIER = com.theduman.TDTextSliderTests;
				PRODUCT_NAME = "$(TARGET_NAME)";
				SWIFT_VERSION = 3.0;
				TEST_HOST = "$(BUILT_PRODUCTS_DIR)/TDTextSlider.app/TDTextSlider";
			};
			name = Debug;
		};
		4A2111821E19A0660035B64B /* Release */ = {
			isa = XCBuildConfiguration;
			buildSettings = {
				ALWAYS_EMBED_SWIFT_STANDARD_LIBRARIES = YES;
				BUNDLE_LOADER = "$(TEST_HOST)";
				DEVELOPMENT_TEAM = 33E68CD9YA;
				INFOPLIST_FILE = TDTextSliderTests/Info.plist;
				LD_RUNPATH_SEARCH_PATHS = "$(inherited) @executable_path/Frameworks @loader_path/Frameworks";
				PRODUCT_BUNDLE_IDENTIFIER = com.theduman.TDTextSliderTests;
				PRODUCT_NAME = "$(TARGET_NAME)";
				SWIFT_VERSION = 3.0;
				TEST_HOST = "$(BUILT_PRODUCTS_DIR)/TDTextSlider.app/TDTextSlider";
			};
			name = Release;
		};
		4A2111841E19A0660035B64B /* Debug */ = {
			isa = XCBuildConfiguration;
			buildSettings = {
				ALWAYS_EMBED_SWIFT_STANDARD_LIBRARIES = YES;
				DEVELOPMENT_TEAM = 33E68CD9YA;
				INFOPLIST_FILE = TDTextSliderUITests/Info.plist;
				LD_RUNPATH_SEARCH_PATHS = "$(inherited) @executable_path/Frameworks @loader_path/Frameworks";
				PRODUCT_BUNDLE_IDENTIFIER = com.theduman.TDTextSliderUITests;
				PRODUCT_NAME = "$(TARGET_NAME)";
				SWIFT_VERSION = 3.0;
				TEST_TARGET_NAME = TDTextSlider;
			};
			name = Debug;
		};
		4A2111851E19A0660035B64B /* Release */ = {
			isa = XCBuildConfiguration;
			buildSettings = {
				ALWAYS_EMBED_SWIFT_STANDARD_LIBRARIES = YES;
				DEVELOPMENT_TEAM = 33E68CD9YA;
				INFOPLIST_FILE = TDTextSliderUITests/Info.plist;
				LD_RUNPATH_SEARCH_PATHS = "$(inherited) @executable_path/Frameworks @loader_path/Frameworks";
				PRODUCT_BUNDLE_IDENTIFIER = com.theduman.TDTextSliderUITests;
				PRODUCT_NAME = "$(TARGET_NAME)";
				SWIFT_VERSION = 3.0;
				TEST_TARGET_NAME = TDTextSlider;
			};
			name = Release;
		};
/* End XCBuildConfiguration section */

/* Begin XCConfigurationList section */
		4A2111501E19A0650035B64B /* Build configuration list for PBXProject "TDTextSlider" */ = {
			isa = XCConfigurationList;
			buildConfigurations = (
				4A21117B1E19A0660035B64B /* Debug */,
				4A21117C1E19A0660035B64B /* Release */,
			);
			defaultConfigurationIsVisible = 0;
			defaultConfigurationName = Release;
		};
		4A21117D1E19A0660035B64B /* Build configuration list for PBXNativeTarget "TDTextSlider" */ = {
			isa = XCConfigurationList;
			buildConfigurations = (
				4A21117E1E19A0660035B64B /* Debug */,
				4A21117F1E19A0660035B64B /* Release */,
			);
			defaultConfigurationIsVisible = 0;
		};
		4A2111801E19A0660035B64B /* Build configuration list for PBXNativeTarget "TDTextSliderTests" */ = {
			isa = XCConfigurationList;
			buildConfigurations = (
				4A2111811E19A0660035B64B /* Debug */,
				4A2111821E19A0660035B64B /* Release */,
			);
			defaultConfigurationIsVisible = 0;
		};
		4A2111831E19A0660035B64B /* Build configuration list for PBXNativeTarget "TDTextSliderUITests" */ = {
			isa = XCConfigurationList;
			buildConfigurations = (
				4A2111841E19A0660035B64B /* Debug */,
				4A2111851E19A0660035B64B /* Release */,
			);
			defaultConfigurationIsVisible = 0;
		};
/* End XCConfigurationList section */
	};
	rootObject = 4A21114D1E19A0650035B64B /* Project object */;
}
